# THIS IS AN AUTOGENERATED FILE. DO NOT EDIT THIS FILE DIRECTLY.
# yarn lockfile v1


"@dimforge/rapier2d@^0.11.2":
  version "0.11.2"
  resolved "https://registry.yarnpkg.com/@dimforge/rapier2d/-/rapier2d-0.11.2.tgz#de12750c056de760cfd08e60ea395df4ce67736b"
  integrity sha512-sCq8Kdg4w+J8XwE1Jkb0Un5eduVXOuLWzBTZfiiwY4CZu12QfJE+2zUdZs3bYsNREP1Ois8IxpiEIL8ZBEyesg==

"@esbuild/android-arm64@0.17.16":
  version "0.17.16"
  resolved "https://registry.yarnpkg.com/@esbuild/android-arm64/-/android-arm64-0.17.16.tgz#7b18cab5f4d93e878306196eed26b6d960c12576"
  integrity sha512-QX48qmsEZW+gcHgTmAj+x21mwTz8MlYQBnzF6861cNdQGvj2jzzFjqH0EBabrIa/WVZ2CHolwMoqxVryqKt8+Q==

"@esbuild/android-arm@0.17.16":
  version "0.17.16"
  resolved "https://registry.yarnpkg.com/@esbuild/android-arm/-/android-arm-0.17.16.tgz#5c47f6a7c2cada6ed4b4d4e72d8c66e76d812812"
  integrity sha512-baLqRpLe4JnKrUXLJChoTN0iXZH7El/mu58GE3WIA6/H834k0XWvLRmGLG8y8arTRS9hJJibPnF0tiGhmWeZgw==

"@esbuild/android-x64@0.17.16":
  version "0.17.16"
  resolved "https://registry.yarnpkg.com/@esbuild/android-x64/-/android-x64-0.17.16.tgz#8686a6e98359071ffd5312046551943e7244c51a"
  integrity sha512-G4wfHhrrz99XJgHnzFvB4UwwPxAWZaZBOFXh+JH1Duf1I4vIVfuYY9uVLpx4eiV2D/Jix8LJY+TAdZ3i40tDow==

"@esbuild/darwin-arm64@0.17.16":
  version "0.17.16"
  resolved "https://registry.yarnpkg.com/@esbuild/darwin-arm64/-/darwin-arm64-0.17.16.tgz#aa79fbf447630ca0696a596beba962a775bbf394"
  integrity sha512-/Ofw8UXZxuzTLsNFmz1+lmarQI6ztMZ9XktvXedTbt3SNWDn0+ODTwxExLYQ/Hod91EZB4vZPQJLoqLF0jvEzA==

"@esbuild/darwin-x64@0.17.16":
  version "0.17.16"
  resolved "https://registry.yarnpkg.com/@esbuild/darwin-x64/-/darwin-x64-0.17.16.tgz#d5d68ee510507104da7e7503224c647c957e163e"
  integrity sha512-SzBQtCV3Pdc9kyizh36Ol+dNVhkDyIrGb/JXZqFq8WL37LIyrXU0gUpADcNV311sCOhvY+f2ivMhb5Tuv8nMOQ==

"@esbuild/freebsd-arm64@0.17.16":
  version "0.17.16"
  resolved "https://registry.yarnpkg.com/@esbuild/freebsd-arm64/-/freebsd-arm64-0.17.16.tgz#b00b4cc8c2e424907cfe3a607384ab24794edd52"
  integrity sha512-ZqftdfS1UlLiH1DnS2u3It7l4Bc3AskKeu+paJSfk7RNOMrOxmeFDhLTMQqMxycP1C3oj8vgkAT6xfAuq7ZPRA==

"@esbuild/freebsd-x64@0.17.16":
  version "0.17.16"
  resolved "https://registry.yarnpkg.com/@esbuild/freebsd-x64/-/freebsd-x64-0.17.16.tgz#84af4430a07730b50bbc945a90cf7036c1853b76"
  integrity sha512-rHV6zNWW1tjgsu0dKQTX9L0ByiJHHLvQKrWtnz8r0YYJI27FU3Xu48gpK2IBj1uCSYhJ+pEk6Y0Um7U3rIvV8g==

"@esbuild/linux-arm64@0.17.16":
  version "0.17.16"
  resolved "https://registry.yarnpkg.com/@esbuild/linux-arm64/-/linux-arm64-0.17.16.tgz#35571d15de6272c862d9ce6341372fb3cef0f266"
  integrity sha512-8yoZhGkU6aHu38WpaM4HrRLTFc7/VVD9Q2SvPcmIQIipQt2I/GMTZNdEHXoypbbGao5kggLcxg0iBKjo0SQYKA==

"@esbuild/linux-arm@0.17.16":
  version "0.17.16"
  resolved "https://registry.yarnpkg.com/@esbuild/linux-arm/-/linux-arm-0.17.16.tgz#b65c7cd5b0eadd08f91aab66b9dda81b6a4b2a70"
  integrity sha512-n4O8oVxbn7nl4+m+ISb0a68/lcJClIbaGAoXwqeubj/D1/oMMuaAXmJVfFlRjJLu/ZvHkxoiFJnmbfp4n8cdSw==

"@esbuild/linux-ia32@0.17.16":
  version "0.17.16"
  resolved "https://registry.yarnpkg.com/@esbuild/linux-ia32/-/linux-ia32-0.17.16.tgz#673a68cb251ce44a00a6422ada29064c5a1cd2c0"
  integrity sha512-9ZBjlkdaVYxPNO8a7OmzDbOH9FMQ1a58j7Xb21UfRU29KcEEU3VTHk+Cvrft/BNv0gpWJMiiZ/f4w0TqSP0gLA==

"@esbuild/linux-loong64@0.17.16":
  version "0.17.16"
  resolved "https://registry.yarnpkg.com/@esbuild/linux-loong64/-/linux-loong64-0.17.16.tgz#477e2da34ab46ffdbf4740fa6441e80045249385"
  integrity sha512-TIZTRojVBBzdgChY3UOG7BlPhqJz08AL7jdgeeu+kiObWMFzGnQD7BgBBkWRwOtKR1i2TNlO7YK6m4zxVjjPRQ==

"@esbuild/linux-mips64el@0.17.16":
  version "0.17.16"
  resolved "https://registry.yarnpkg.com/@esbuild/linux-mips64el/-/linux-mips64el-0.17.16.tgz#e1e9687bbdaa831d7c34edc9278200982c1a4bf4"
  integrity sha512-UPeRuFKCCJYpBbIdczKyHLAIU31GEm0dZl1eMrdYeXDH+SJZh/i+2cAmD3A1Wip9pIc5Sc6Kc5cFUrPXtR0XHA==

"@esbuild/linux-ppc64@0.17.16":
  version "0.17.16"
  resolved "https://registry.yarnpkg.com/@esbuild/linux-ppc64/-/linux-ppc64-0.17.16.tgz#2f19075d63622987e86e83a4b7866cd57b796c60"
  integrity sha512-io6yShgIEgVUhExJejJ21xvO5QtrbiSeI7vYUnr7l+v/O9t6IowyhdiYnyivX2X5ysOVHAuyHW+Wyi7DNhdw6Q==

"@esbuild/linux-riscv64@0.17.16":
  version "0.17.16"
  resolved "https://registry.yarnpkg.com/@esbuild/linux-riscv64/-/linux-riscv64-0.17.16.tgz#bbf40a38f03ba2434fe69b5ceeec5d13c742b329"
  integrity sha512-WhlGeAHNbSdG/I2gqX2RK2gfgSNwyJuCiFHMc8s3GNEMMHUI109+VMBfhVqRb0ZGzEeRiibi8dItR3ws3Lk+cA==

"@esbuild/linux-s390x@0.17.16":
  version "0.17.16"
  resolved "https://registry.yarnpkg.com/@esbuild/linux-s390x/-/linux-s390x-0.17.16.tgz#d2b8c0779ccd2b7917cdf0fab8831a468e0f9c01"
  integrity sha512-gHRReYsJtViir63bXKoFaQ4pgTyah4ruiMRQ6im9YZuv+gp3UFJkNTY4sFA73YDynmXZA6hi45en4BGhNOJUsw==

"@esbuild/linux-x64@0.17.16":
  version "0.17.16"
  resolved "https://registry.yarnpkg.com/@esbuild/linux-x64/-/linux-x64-0.17.16.tgz#da48b39cfdc1b12a74976625f583f031eac43590"
  integrity sha512-mfiiBkxEbUHvi+v0P+TS7UnA9TeGXR48aK4XHkTj0ZwOijxexgMF01UDFaBX7Q6CQsB0d+MFNv9IiXbIHTNd4g==

"@esbuild/netbsd-x64@0.17.16":
  version "0.17.16"
  resolved "https://registry.yarnpkg.com/@esbuild/netbsd-x64/-/netbsd-x64-0.17.16.tgz#ddef985aed37cc81908d2573b66c0299dbc49037"
  integrity sha512-n8zK1YRDGLRZfVcswcDMDM0j2xKYLNXqei217a4GyBxHIuPMGrrVuJ+Ijfpr0Kufcm7C1k/qaIrGy6eG7wvgmA==

"@esbuild/openbsd-x64@0.17.16":
  version "0.17.16"
  resolved "https://registry.yarnpkg.com/@esbuild/openbsd-x64/-/openbsd-x64-0.17.16.tgz#85035bf89efd66e9068bc72aa6bb85a2c317d090"
  integrity sha512-lEEfkfsUbo0xC47eSTBqsItXDSzwzwhKUSsVaVjVji07t8+6KA5INp2rN890dHZeueXJAI8q0tEIfbwVRYf6Ew==

"@esbuild/sunos-x64@0.17.16":
  version "0.17.16"
  resolved "https://registry.yarnpkg.com/@esbuild/sunos-x64/-/sunos-x64-0.17.16.tgz#16338ecab854cb2d831cc9ee9cc21ef69566e1f3"
  integrity sha512-jlRjsuvG1fgGwnE8Afs7xYDnGz0dBgTNZfgCK6TlvPH3Z13/P5pi6I57vyLE8qZYLrGVtwcm9UbUx1/mZ8Ukag==

"@esbuild/win32-arm64@0.17.16":
  version "0.17.16"
  resolved "https://registry.yarnpkg.com/@esbuild/win32-arm64/-/win32-arm64-0.17.16.tgz#423f46bb744aff897a5f74435469e1ef4952e343"
  integrity sha512-TzoU2qwVe2boOHl/3KNBUv2PNUc38U0TNnzqOAcgPiD/EZxT2s736xfC2dYQbszAwo4MKzzwBV0iHjhfjxMimg==

"@esbuild/win32-ia32@0.17.16":
  version "0.17.16"
  resolved "https://registry.yarnpkg.com/@esbuild/win32-ia32/-/win32-ia32-0.17.16.tgz#1978be5b192c7063bd2c8d5960eb213e1964740e"
  integrity sha512-B8b7W+oo2yb/3xmwk9Vc99hC9bNolvqjaTZYEfMQhzdpBsjTvZBlXQ/teUE55Ww6sg//wlcDjOaqldOKyigWdA==

"@esbuild/win32-x64@0.17.16":
  version "0.17.16"
  resolved "https://registry.yarnpkg.com/@esbuild/win32-x64/-/win32-x64-0.17.16.tgz#260f19b0a3300d22c3a3f52722c671dc561edaa3"
  integrity sha512-xJ7OH/nanouJO9pf03YsL9NAFQBHd8AqfrQd7Pf5laGyyTt/gToul6QYOA/i5i/q8y9iaM5DQFNTgpi995VkOg==

"@pixi/accessibility@7.2.4":
  version "7.2.4"
  resolved "https://registry.yarnpkg.com/@pixi/accessibility/-/accessibility-7.2.4.tgz#3198d0059c230c668b1179457346a3b5dcba6e64"
  integrity sha512-EVjuqUqv9FeYFXCv0S0qj1hgCtbAMNBPCbOGEtiMogpM++/IySxBZvcOYg3rRgo9inwt2s4Bi7kUiqMPD8hItw==

"@pixi/app@7.2.4":
  version "7.2.4"
  resolved "https://registry.yarnpkg.com/@pixi/app/-/app-7.2.4.tgz#ae16fdc9fce04224fb36311168d902a2e7d0e65a"
  integrity sha512-eJ2jpu5P28ip07nLItw6sETXn45P4KR/leMJ6zPHRlhT1m8t5zTsWr3jK4Uj8LF2E+6KlPNzLQh5Alf/unn/aQ==

"@pixi/assets@7.2.4":
  version "7.2.4"
  resolved "https://registry.yarnpkg.com/@pixi/assets/-/assets-7.2.4.tgz#944f4a15acc888071c0811d3d68524afb0ed069c"
  integrity sha512-7199re3wvMAlVqXLaCyAr8IkJSXqkeVAxcYyB2rBu4Id5m2hhlGX1dQsdMBiCXLwu6/LLVqDvJggSNVQBzL6ZQ==
  dependencies:
    "@types/css-font-loading-module" "^0.0.7"

"@pixi/color@7.2.4":
  version "7.2.4"
  resolved "https://registry.yarnpkg.com/@pixi/color/-/color-7.2.4.tgz#6d6d5dbc01ae2a4f1c8eb48e98fff89ac0c3e40d"
  integrity sha512-B/+9JRcXe2uE8wQfsueFRPZVayF2VEMRB7XGeRAsWCryOX19nmWhv0Nt3nOU2rvzI0niz9XgugJXsB6vVmDFSg==
  dependencies:
    colord "^2.9.3"

"@pixi/compressed-textures@7.2.4":
  version "7.2.4"
  resolved "https://registry.yarnpkg.com/@pixi/compressed-textures/-/compressed-textures-7.2.4.tgz#bbf84689a9f4f41d5a8e9476ea6520a4c19412ac"
  integrity sha512-atnWyw/ot/Wg69qhgskKiuTYCZx15IxV35sa0KyXMthyjyvDLCIvOn0nczM6wCBy9H96SjJbfgynVWhVrip6qw==

"@pixi/constants@7.2.4":
  version "7.2.4"
  resolved "https://registry.yarnpkg.com/@pixi/constants/-/constants-7.2.4.tgz#45c23b247309e78d4105f04063ad8b453dae8b2f"
  integrity sha512-hKuHBWR6N4Q0Sf5MGF3/9l+POg/G5rqhueHfzofiuelnKg7aBs3BVjjZ+6hZbd6M++vOUmxYelEX/NEFBxrheA==

"@pixi/core@7.2.4":
  version "7.2.4"
  resolved "https://registry.yarnpkg.com/@pixi/core/-/core-7.2.4.tgz#9f93a0744c795b17045127c2630f976580f03008"
  integrity sha512-0XtvrfxHlS2T+beBBSpo7GI8+QLyyTqMVQpNmPqB4woYxzrOEJ9JaUFBaBfCvycLeUkfVih1u6HAbtF+2d1EjQ==
  dependencies:
    "@pixi/color" "7.2.4"
    "@pixi/constants" "7.2.4"
    "@pixi/extensions" "7.2.4"
    "@pixi/math" "7.2.4"
    "@pixi/runner" "7.2.4"
    "@pixi/settings" "7.2.4"
    "@pixi/ticker" "7.2.4"
    "@pixi/utils" "7.2.4"
    "@types/offscreencanvas" "^2019.6.4"

"@pixi/display@7.2.4":
  version "7.2.4"
  resolved "https://registry.yarnpkg.com/@pixi/display/-/display-7.2.4.tgz#cbf46ba0c0c0d30064b9ce67190a0a6a3624c62f"
  integrity sha512-w5tqb8cWEO5qIDaO9GEqRvxYhL0iMk0Wsngw23bbLm1gLEQmrFkB2tpJlRAqd7H82C3DrDDeWvkrrxW6+m4apg==

"@pixi/events@7.2.4":
  version "7.2.4"
  resolved "https://registry.yarnpkg.com/@pixi/events/-/events-7.2.4.tgz#06434c9e84838b87d7626151ec556a66796ac206"
  integrity sha512-/JtmoB98fzIU8giN9xvlRvmvOi6u4MaD2DnKNOMHkQ1MBraj3pmrXM9fZ0JbNzi+324GraAAY76QidgHjIYoYQ==

"@pixi/extensions@7.2.4":
  version "7.2.4"
  resolved "https://registry.yarnpkg.com/@pixi/extensions/-/extensions-7.2.4.tgz#ab2940abce3935706e956d1bcf2dbf44aca440db"
  integrity sha512-Mnqv9scbL1ARD3QFKfOWs2aSVJJfP1dL8g5UiqGImYO3rZbz/9QCzXOeMVIZ5n3iaRyKMNhFFr84/zUja2H7Dw==

"@pixi/extract@7.2.4":
  version "7.2.4"
  resolved "https://registry.yarnpkg.com/@pixi/extract/-/extract-7.2.4.tgz#2db62611a3135ee8232affdb7b26cab37cb2a0a3"
  integrity sha512-wlXZg+J2L/1jQhRi5nZQP/cXshovhjksjss91eAKMvY5aGxNAQovCP4xotJ/XJjfTvPMpeRzHPFYzm3PrOPQ7g==

"@pixi/filter-alpha@7.2.4":
  version "7.2.4"
  resolved "https://registry.yarnpkg.com/@pixi/filter-alpha/-/filter-alpha-7.2.4.tgz#f33621fa4bdc95de09457780aa33eb253fe6447f"
  integrity sha512-UTUMSGyktUr+I9vmigqJo9iUhb0nwGyqTTME2xBWZvVGCnl5z+/wHxvIBBCe5pNZ66IM15pGXQ4cDcfqCuP2kA==

"@pixi/filter-blur@7.2.4":
  version "7.2.4"
  resolved "https://registry.yarnpkg.com/@pixi/filter-blur/-/filter-blur-7.2.4.tgz#834447f9d6edec7d27414c9961b9e6009acd678a"
  integrity sha512-aLyXIoxy14bTansCPtbY8x7Sdn2OrrqkF/pcKiRXHJGGhi7wPacvB/NcmYJdnI/n2ExQ6V5Njuj/nfrsejVwcA==

"@pixi/filter-color-matrix@7.2.4":
  version "7.2.4"
  resolved "https://registry.yarnpkg.com/@pixi/filter-color-matrix/-/filter-color-matrix-7.2.4.tgz#4c9e6e174b27635ce5e92f34d372366b901e250f"
  integrity sha512-DFtayybYXoUh73eHUFRK5REbi1t3FZuVUnaQTj+euHKF9L7EaYc3Q9wctpx1WPRcwkqEX50M4SNFhxpA7Pxtaw==

"@pixi/filter-displacement@7.2.4":
  version "7.2.4"
  resolved "https://registry.yarnpkg.com/@pixi/filter-displacement/-/filter-displacement-7.2.4.tgz#39da0592966079d7e194be46494b8055b5eebda2"
  integrity sha512-Simq3IBJKt7+Gvk4kK7OFkfoeYUMhNhIyATCdeT+Jkdkq5WV7pYnH5hqO0YW7eAHrgjV13yn6t4H/GC4+6LhEA==

"@pixi/filter-fxaa@7.2.4":
  version "7.2.4"
  resolved "https://registry.yarnpkg.com/@pixi/filter-fxaa/-/filter-fxaa-7.2.4.tgz#78fac5466ca1a249f343be1af90c79bae399bf92"
  integrity sha512-qzKjdL+Ih18uGTJLg8tT/H+YCsTeGkw2uF7lyKnw/lxGLJQhLWIhM95M9qSNgxbXyW1vp7SbG81a9aAEz2HAhA==

"@pixi/filter-noise@7.2.4":
  version "7.2.4"
  resolved "https://registry.yarnpkg.com/@pixi/filter-noise/-/filter-noise-7.2.4.tgz#0586a00381ec0e63f6c00d49cd58b781eaf07f37"
  integrity sha512-QAU9Ybj2ZQrWM9ZEjTTC0iLnQcuyNoZNRinxSbg1G0yacpmsSb9wvV5ltIZ66+hfY+90+u2Nudt/v9g6pvOdGg==

"@pixi/graphics@7.2.4":
  version "7.2.4"
  resolved "https://registry.yarnpkg.com/@pixi/graphics/-/graphics-7.2.4.tgz#8500b604c36184736926393cb0ca9b9de9afef86"
  integrity sha512-3A2EumTjWJgXlDLOyuBrl9b6v1Za/E+/IjOGUIX843HH4NYaf1a2sfDfljx6r3oiDvy+VhuBFmgynRcV5IyA0Q==

"@pixi/math@7.2.4":
  version "7.2.4"
  resolved "https://registry.yarnpkg.com/@pixi/math/-/math-7.2.4.tgz#219b64ca44348a1ee900ee074c51ee7e41615059"
  integrity sha512-LJB+mozyEPllxa0EssFZrKNfVwysfaBun4b2dJKQQInp0DafgbA0j7A+WVg0oe51KhFULTJMpDqbLn/ITFc41A==

"@pixi/mesh-extras@7.2.4":
  version "7.2.4"
  resolved "https://registry.yarnpkg.com/@pixi/mesh-extras/-/mesh-extras-7.2.4.tgz#e3c6721c1a8ff5852e76402276b2f495b7db702d"
  integrity sha512-Lxqq/1E2EmDgjZX8KzjhBy3VvITIQ00arr2ikyHYF1d0XtQTKEYpr8VKzhchqZ5/9DuyTDbDMYGhcxoNXQmZrQ==

"@pixi/mesh@7.2.4":
  version "7.2.4"
  resolved "https://registry.yarnpkg.com/@pixi/mesh/-/mesh-7.2.4.tgz#c78cc24f831a9e08d4ac0a1706e82f3498ba6907"
  integrity sha512-wiALIqcRKib2BqeH9kOA5fOKWN352nqAspgbDa8gA7OyWzmNwqIedIlElixd0oLFOrIN5jOZAdzeKnoYQlt9Aw==

"@pixi/mixin-cache-as-bitmap@7.2.4":
  version "7.2.4"
  resolved "https://registry.yarnpkg.com/@pixi/mixin-cache-as-bitmap/-/mixin-cache-as-bitmap-7.2.4.tgz#4fb69efc40b30b0a8c2c1ad1eee6ca3227eccaed"
  integrity sha512-95L/9nzfLHw6GoeqqRl/RjSloKvRt0xrc2inCmjMZvMsFUEtHN2F8IWd1k5vcv0S+83NCreFkJg6nJm1m5AZqg==

"@pixi/mixin-get-child-by-name@7.2.4":
  version "7.2.4"
  resolved "https://registry.yarnpkg.com/@pixi/mixin-get-child-by-name/-/mixin-get-child-by-name-7.2.4.tgz#863b14c774d3af7e2a38a68904c06bc51a2b51dd"
  integrity sha512-9g17KgSBEEhkinnKk4dqmxagzHOCPSTvGB6lOopBq4yyXmr/2WVv+QGjuzE0O+p80szQeBJjPBQxzrfBILaSRw==

"@pixi/mixin-get-global-position@7.2.4":
  version "7.2.4"
  resolved "https://registry.yarnpkg.com/@pixi/mixin-get-global-position/-/mixin-get-global-position-7.2.4.tgz#8c0b96a0bcd381db9486954aeeb6d06c5ea2e2c0"
  integrity sha512-UrAUF2BXCeWtFgR2m+er41Ky7zShT7r228cZkB6ZfYwMeThhwqG5mH68UeCyP6p68JMpT1gjI2DPfeSRY3ecnA==

"@pixi/particle-container@7.2.4":
  version "7.2.4"
  resolved "https://registry.yarnpkg.com/@pixi/particle-container/-/particle-container-7.2.4.tgz#8f277f65e73b061d0859c7e526f5161f9b090242"
  integrity sha512-tpSzilZGFtAoi8XhzL0TecLPNRQAbY8nWV9XNGXJDw+nxXp18GCe8L6eEmnHLlAug67BRHl65DtrdvTknPX+4g==

"@pixi/prepare@7.2.4":
  version "7.2.4"
  resolved "https://registry.yarnpkg.com/@pixi/prepare/-/prepare-7.2.4.tgz#fd470bbc7dd90c4a8111989c405ffb5521850ff9"
  integrity sha512-Yff5Sh4kTLdKc5VkkM44LW9gpj7Izw8ns3P1TzWxqeGjzPZ3folr/tQujGL+Qw+8A9VESp+hX9MSIHyw+jpyrg==

"@pixi/runner@7.2.4":
  version "7.2.4"
  resolved "https://registry.yarnpkg.com/@pixi/runner/-/runner-7.2.4.tgz#7356e768a43809ed6f8b3254e9bdd8c1a47af0e7"
  integrity sha512-YtyqPk1LA+0guEFKSFx6t/YSvbEQwajFwi4Ft8iDhioa6VK2MmTir1GjWwy7JQYLcDmYSAcQjnmFtVTZohyYSw==

"@pixi/settings@7.2.4":
  version "7.2.4"
  resolved "https://registry.yarnpkg.com/@pixi/settings/-/settings-7.2.4.tgz#bfd3107ad425f99316018ee441accdf7d55627e6"
  integrity sha512-ZPKRar9EwibijGmH8EViu4Greq1I/O7V/xQx2rNqN23XA7g09Qo6yfaeQpufu5xl8+/lZrjuHtQSnuY7OgG1CA==
  dependencies:
    "@pixi/constants" "7.2.4"
    "@types/css-font-loading-module" "^0.0.7"
    ismobilejs "^1.1.0"

"@pixi/sprite-animated@7.2.4":
  version "7.2.4"
  resolved "https://registry.yarnpkg.com/@pixi/sprite-animated/-/sprite-animated-7.2.4.tgz#46b95e52781dd7cf84ee315521c209e48c40656d"
  integrity sha512-9eRriPSC0QVS7U9zQlrG3uEI5+h3fi+mqofXy+yjk1sGCmXSIJME5p2wg2mzxoJk3qkSMagQA9QHtL26Fti8Iw==

"@pixi/sprite-tiling@7.2.4":
  version "7.2.4"
  resolved "https://registry.yarnpkg.com/@pixi/sprite-tiling/-/sprite-tiling-7.2.4.tgz#7bcbd6e0096512fe18934a7b3250c57be19b63e4"
  integrity sha512-nGfxQoACRx49dUN0oW1vFm3141M+7gkAbzoNJym2Pljd2dpLME9fb5E6Lyahu0yWMaPRhhGorn6z9VIGmTF3Jw==

"@pixi/sprite@7.2.4":
  version "7.2.4"
  resolved "https://registry.yarnpkg.com/@pixi/sprite/-/sprite-7.2.4.tgz#be7cd2d58d263131019545a83bb4df7340452ba1"
  integrity sha512-DhR1B+/d0eXpxHIesJMXcVPrKFwQ+zRA1LvEIFfzewqfaRN3X6PMIuoKX8SIb6tl+Hq8Ba9Pe28zI7d2rmRzrA==

"@pixi/spritesheet@7.2.4":
  version "7.2.4"
  resolved "https://registry.yarnpkg.com/@pixi/spritesheet/-/spritesheet-7.2.4.tgz#9214d0c75aa95639c1f528091ac4a4850f5b5b8e"
  integrity sha512-LNmlavyiMQeCF0U4S+yhzxUYmPmat6EpLjLnkGukQTZV5CZkxDCVgXM9uKoRF2DvNydj4yuwZ6+JjK8QssHI8Q==

"@pixi/text-bitmap@7.2.4":
  version "7.2.4"
  resolved "https://registry.yarnpkg.com/@pixi/text-bitmap/-/text-bitmap-7.2.4.tgz#444010da3898c35e2cdb01493bdc21706c9356a1"
  integrity sha512-3u2CP4VN+muCaq/jtj7gn0hb3DET/X2S04zTBcgc2WVGufJc62yz+UDzS9jC+ellotVdt9c8U74++vpz3zJGfw==

"@pixi/text-html@7.2.4":
  version "7.2.4"
  resolved "https://registry.yarnpkg.com/@pixi/text-html/-/text-html-7.2.4.tgz#4702cdb97c6a10ca883d004808d45b1517c7129b"
  integrity sha512-0NfLAE/w51ZtatxVqLvDS62iO0VLKsSdctqTAVv4Zlgdk9TKJmX1WUucHJboTvbm2SbDjNDGfZ6qXM5nAslIDQ==

"@pixi/text@7.2.4":
  version "7.2.4"
  resolved "https://registry.yarnpkg.com/@pixi/text/-/text-7.2.4.tgz#b31e7619ba80acee69cd9fb33948d34f1839bc61"
  integrity sha512-DGu7ktpe+zHhqR2sG9NsJt4mgvSObv5EqXTtUxD4Z0li1gmqF7uktpLyn5I6vSg1TTEL4TECClRDClVDGiykWw==

"@pixi/ticker@7.2.4":
  version "7.2.4"
  resolved "https://registry.yarnpkg.com/@pixi/ticker/-/ticker-7.2.4.tgz#5acb761d3b53a1bbb2e34db59eb2a1b0442a8ed8"
  integrity sha512-hQQHIHvGeFsP4GNezZqjzuhUgNQEVgCH9+qU05UX1Mc5UHC9l6OJnY4VTVhhcHxZjA6RnyaY+1zBxCnoXuazpg==
  dependencies:
    "@pixi/extensions" "7.2.4"
    "@pixi/settings" "7.2.4"
    "@pixi/utils" "7.2.4"

"@pixi/utils@7.2.4":
  version "7.2.4"
  resolved "https://registry.yarnpkg.com/@pixi/utils/-/utils-7.2.4.tgz#9f74e859481e3efbb6e54e524427b39a6d99829c"
  integrity sha512-VUGQHBOINIS4ePzoqafwxaGPVRTa3oM/mEutIIHbNGI3b+QvSO+1Dnk40M0zcH6Bo+MxQZbOZK5X/wO9oU5+LQ==
  dependencies:
    "@pixi/color" "7.2.4"
    "@pixi/constants" "7.2.4"
    "@pixi/settings" "7.2.4"
    "@types/earcut" "^2.1.0"
    earcut "^2.2.4"
    eventemitter3 "^4.0.0"
    url "^0.11.0"

"@types/css-font-loading-module@^0.0.7":
  version "0.0.7"
  resolved "https://registry.yarnpkg.com/@types/css-font-loading-module/-/css-font-loading-module-0.0.7.tgz#2f98ede46acc0975de85c0b7b0ebe06041d24601"
  integrity sha512-nl09VhutdjINdWyXxHWN/w9zlNCfr60JUqJbd24YXUuCwgeL0TpFSdElCwb6cxfB6ybE19Gjj4g0jsgkXxKv1Q==

"@types/earcut@^2.1.0":
  version "2.1.1"
  resolved "https://registry.yarnpkg.com/@types/earcut/-/earcut-2.1.1.tgz#573a0af609f17005c751f6f4ffec49cfe358ea51"
  integrity sha512-w8oigUCDjElRHRRrMvn/spybSMyX8MTkKA5Dv+tS1IE/TgmNZPqUYtvYBXGY8cieSE66gm+szeK+bnbxC2xHTQ==

"@types/offscreencanvas@^2019.6.4":
  version "2019.7.0"
  resolved "https://registry.yarnpkg.com/@types/offscreencanvas/-/offscreencanvas-2019.7.0.tgz#e4a932069db47bb3eabeb0b305502d01586fa90d"
  integrity sha512-PGcyveRIpL1XIqK8eBsmRBt76eFgtzuPiSTyKHZxnGemp2yzGzWpjYKAfK3wIMiU7eH+851yEpiuP8JZerTmWg==

ansi-regex@^5.0.1:
  version "5.0.1"
  resolved "https://registry.yarnpkg.com/ansi-regex/-/ansi-regex-5.0.1.tgz#082cb2c89c9fe8659a311a53bd6a4dc5301db304"
  integrity sha512-quJQXlTSUGL2LH9SUXo8VwsY4soanhgo6LNSm84E1LBcE8s3O0wpdiRzyR9z/ZZJMlMWv37qOOb9pdJlMUEKFQ==

ansi-styles@^4.0.0, ansi-styles@^4.1.0:
  version "4.3.0"
  resolved "https://registry.yarnpkg.com/ansi-styles/-/ansi-styles-4.3.0.tgz#edd803628ae71c04c85ae7a0906edad34b648937"
  integrity sha512-zbB9rCJAT1rbjiVDb2hqKFHNYLxgtk8NURxZ3IZwD3F6NtxbXZQCnnSi1Lkx+IDohdPlFp222wVALIheZJQSEg==
  dependencies:
    color-convert "^2.0.1"

chalk@^4.1.2:
  version "4.1.2"
  resolved "https://registry.yarnpkg.com/chalk/-/chalk-4.1.2.tgz#aac4e2b7734a740867aeb16bf02aad556a1e7a01"
  integrity sha512-oKnbhFyRIXpUuez8iBMmyEa4nbj4IOQyuhc/wy9kY7/WVPcwIO9VA668Pu8RkO7+0G76SLROeyw9CpQ061i4mA==
  dependencies:
    ansi-styles "^4.1.0"
    supports-color "^7.1.0"

cliui@^8.0.1:
  version "8.0.1"
  resolved "https://registry.yarnpkg.com/cliui/-/cliui-8.0.1.tgz#0c04b075db02cbfe60dc8e6cf2f5486b1a3608aa"
  integrity sha512-BSeNnyus75C4//NQ9gQt1/csTXyo/8Sb+afLAkzAptFuMsod9HFokGNudZpi/oQV73hnVK+sR+5PVRMd+Dr7YQ==
  dependencies:
    string-width "^4.2.0"
    strip-ansi "^6.0.1"
    wrap-ansi "^7.0.0"

color-convert@^2.0.1:
  version "2.0.1"
  resolved "https://registry.yarnpkg.com/color-convert/-/color-convert-2.0.1.tgz#72d3a68d598c9bdb3af2ad1e84f21d896abd4de3"
  integrity sha512-RRECPsj7iu/xb5oKYcsFHSppFNnsj/52OVTRKb4zP5onXwVF3zVmmToNcOfGC+CRDpfK/U584fMg38ZHCaElKQ==
  dependencies:
    color-name "~1.1.4"

color-name@~1.1.4:
  version "1.1.4"
  resolved "https://registry.yarnpkg.com/color-name/-/color-name-1.1.4.tgz#c2a09a87acbde69543de6f63fa3995c826c536a2"
  integrity sha512-dOy+3AuW3a2wNbZHIuMZpTcgjGuLU/uBL/ubcZF9OXbDo8ff4O8yVp5Bf0efS8uEoYo5q4Fx7dY9OgQGXgAsQA==

colord@^2.9.3:
  version "2.9.3"
  resolved "https://registry.yarnpkg.com/colord/-/colord-2.9.3.tgz#4f8ce919de456f1d5c1c368c307fe20f3e59fb43"
  integrity sha512-jeC1axXpnb0/2nn/Y1LPuLdgXBLH7aDcHu4KEKfqw3CUhX7ZpfBSlPKyqXE6btIgEzfWtrX3/tyBCaCvXvMkOw==

concurrently@^8.0.1:
  version "8.0.1"
  resolved "https://registry.yarnpkg.com/concurrently/-/concurrently-8.0.1.tgz#80c0591920a9fa3e68ba0dd8aa6eac8487eb904c"
  integrity sha512-Sh8bGQMEL0TAmAm2meAXMjcASHZa7V0xXQVDBLknCPa9TPtkY9yYs+0cnGGgfdkW0SV1Mlg+hVGfXcoI8d3MJA==
  dependencies:
    chalk "^4.1.2"
    date-fns "^2.29.3"
    lodash "^4.17.21"
    rxjs "^7.8.0"
    shell-quote "^1.8.0"
    spawn-command "0.0.2-1"
    supports-color "^8.1.1"
    tree-kill "^1.2.2"
    yargs "^17.7.1"

date-fns@^2.29.3:
  version "2.29.3"
  resolved "https://registry.yarnpkg.com/date-fns/-/date-fns-2.29.3.tgz#27402d2fc67eb442b511b70bbdf98e6411cd68a8"
  integrity sha512-dDCnyH2WnnKusqvZZ6+jA1O51Ibt8ZMRNkDZdyAyK4YfbDwa/cEmuztzG5pk6hqlp9aSBPYcjOlktquahGwGeA==

earcut@^2.2.4:
  version "2.2.4"
  resolved "https://registry.yarnpkg.com/earcut/-/earcut-2.2.4.tgz#6d02fd4d68160c114825d06890a92ecaae60343a"
  integrity sha512-/pjZsA1b4RPHbeWZQn66SWS8nZZWLQQ23oE3Eam7aroEFGEvwKAsJfZ9ytiEMycfzXWpca4FA9QIOehf7PocBQ==

emoji-regex@^8.0.0:
  version "8.0.0"
  resolved "https://registry.yarnpkg.com/emoji-regex/-/emoji-regex-8.0.0.tgz#e818fd69ce5ccfcb404594f842963bf53164cc37"
  integrity sha512-MSjYzcWNOA0ewAHpz0MxpYFvwg6yjy1NG3xteoqz644VCo/RPgnr1/GGt+ic3iJTzQ8Eu3TdM14SawnVUmGE6A==

esbuild-plugin-tsc@^0.3.1:
  version "0.3.1"
  resolved "https://registry.yarnpkg.com/esbuild-plugin-tsc/-/esbuild-plugin-tsc-0.3.1.tgz#673a18e236c3afaa0c85df8cbddc9a372f04b117"
  integrity sha512-/AWxnbo/flR6oaWmciNe3oWs/l57ojOwPZlsSH/B4cxovkLnlXbgm8KjxNGQbbB4bx+IVP5rkDnZJYntX/zrgg==
  dependencies:
    strip-comments "^2.0.1"

esbuild@^0.17.16:
  version "0.17.16"
  resolved "https://registry.yarnpkg.com/esbuild/-/esbuild-0.17.16.tgz#5efec24a8ff29e0c157359f27e1b5532a728b720"
  integrity sha512-aeSuUKr9aFVY9Dc8ETVELGgkj4urg5isYx8pLf4wlGgB0vTFjxJQdHnNH6Shmx4vYYrOTLCHtRI5i1XZ9l2Zcg==
  optionalDependencies:
    "@esbuild/android-arm" "0.17.16"
    "@esbuild/android-arm64" "0.17.16"
    "@esbuild/android-x64" "0.17.16"
    "@esbuild/darwin-arm64" "0.17.16"
    "@esbuild/darwin-x64" "0.17.16"
    "@esbuild/freebsd-arm64" "0.17.16"
    "@esbuild/freebsd-x64" "0.17.16"
    "@esbuild/linux-arm" "0.17.16"
    "@esbuild/linux-arm64" "0.17.16"
    "@esbuild/linux-ia32" "0.17.16"
    "@esbuild/linux-loong64" "0.17.16"
    "@esbuild/linux-mips64el" "0.17.16"
    "@esbuild/linux-ppc64" "0.17.16"
    "@esbuild/linux-riscv64" "0.17.16"
    "@esbuild/linux-s390x" "0.17.16"
    "@esbuild/linux-x64" "0.17.16"
    "@esbuild/netbsd-x64" "0.17.16"
    "@esbuild/openbsd-x64" "0.17.16"
    "@esbuild/sunos-x64" "0.17.16"
    "@esbuild/win32-arm64" "0.17.16"
    "@esbuild/win32-ia32" "0.17.16"
    "@esbuild/win32-x64" "0.17.16"

escalade@^3.1.1:
  version "3.1.1"
  resolved "https://registry.yarnpkg.com/escalade/-/escalade-3.1.1.tgz#d8cfdc7000965c5a0174b4a82eaa5c0552742e40"
  integrity sha512-k0er2gUkLf8O0zKJiAhmkTnJlTvINGv7ygDNPbeIsX/TJjGJZHuh9B2UxbsaEkmlEo9MfhrSzmhIlhRlI2GXnw==

eventemitter3@^4.0.0:
  version "4.0.7"
  resolved "https://registry.yarnpkg.com/eventemitter3/-/eventemitter3-4.0.7.tgz#2de9b68f6528d5644ef5c59526a1b4a07306169f"
  integrity sha512-8guHBZCwKnFhYdHr2ysuRWErTwhoN2X8XELRlrRwpmfeY2jjuUN4taQMsULKUVo1K4DvZl+0pgfyoysHxvmvEw==

get-caller-file@^2.0.5:
  version "2.0.5"
  resolved "https://registry.yarnpkg.com/get-caller-file/-/get-caller-file-2.0.5.tgz#4f94412a82db32f36e3b0b9741f8a97feb031f7e"
  integrity sha512-DyFP3BM/3YHTQOCUL/w0OZHR0lpKeGrxotcHWcqNEdnltqFwXVfhEBQ94eIo34AfQpo0rGki4cyIiftY06h2Fg==

has-flag@^4.0.0:
  version "4.0.0"
  resolved "https://registry.yarnpkg.com/has-flag/-/has-flag-4.0.0.tgz#944771fd9c81c81265c4d6941860da06bb59479b"
  integrity sha512-EykJT/Q1KjTWctppgIAgfSO0tKVuZUjhgMr17kqTumMl6Afv3EISleU7qZUzoXDFTAHTDC4NOoG/ZxU3EvlMPQ==

is-fullwidth-code-point@^3.0.0:
  version "3.0.0"
  resolved "https://registry.yarnpkg.com/is-fullwidth-code-point/-/is-fullwidth-code-point-3.0.0.tgz#f116f8064fe90b3f7844a38997c0b75051269f1d"
  integrity sha512-zymm5+u+sCsSWyD9qNaejV3DFvhCKclKdizYaJUuHA83RLjb7nSuGnddCHGv0hk+KY7BMAlsWeK4Ueg6EV6XQg==

ismobilejs@^1.1.0:
  version "1.1.1"
  resolved "https://registry.yarnpkg.com/ismobilejs/-/ismobilejs-1.1.1.tgz#c56ca0ae8e52b24ca0f22ba5ef3215a2ddbbaa0e"
  integrity sha512-VaFW53yt8QO61k2WJui0dHf4SlL8lxBofUuUmwBo0ljPk0Drz2TiuDW4jo3wDcv41qy/SxrJ+VAzJ/qYqsmzRw==

lodash@^4.17.21:
  version "4.17.21"
  resolved "https://registry.yarnpkg.com/lodash/-/lodash-4.17.21.tgz#679591c564c3bffaae8454cf0b3df370c3d6911c"
  integrity sha512-v2kDEe57lecTulaDIuNTPy3Ry4gLGJ6Z1O3vE1krgXZNrsQ+LFTGHVxVjcXPs17LhbZVGedAJv8XZ1tvj5FvSg==

pixi.js@^7.2.4:
  version "7.2.4"
  resolved "https://registry.yarnpkg.com/pixi.js/-/pixi.js-7.2.4.tgz#4cd6776bf7f74a6c5e121dd1b59329e66be2ce49"
  integrity sha512-nBH60meoLnHxoMFz17HoMxXS4uJpG5jwIdL+Gx2S11TzWgP3iKF+/WLOTrkSdyuQoQSdIBxVqpnYii0Wiox15A==
  dependencies:
    "@pixi/accessibility" "7.2.4"
    "@pixi/app" "7.2.4"
    "@pixi/assets" "7.2.4"
    "@pixi/compressed-textures" "7.2.4"
    "@pixi/core" "7.2.4"
    "@pixi/display" "7.2.4"
    "@pixi/events" "7.2.4"
    "@pixi/extensions" "7.2.4"
    "@pixi/extract" "7.2.4"
    "@pixi/filter-alpha" "7.2.4"
    "@pixi/filter-blur" "7.2.4"
    "@pixi/filter-color-matrix" "7.2.4"
    "@pixi/filter-displacement" "7.2.4"
    "@pixi/filter-fxaa" "7.2.4"
    "@pixi/filter-noise" "7.2.4"
    "@pixi/graphics" "7.2.4"
    "@pixi/mesh" "7.2.4"
    "@pixi/mesh-extras" "7.2.4"
    "@pixi/mixin-cache-as-bitmap" "7.2.4"
    "@pixi/mixin-get-child-by-name" "7.2.4"
    "@pixi/mixin-get-global-position" "7.2.4"
    "@pixi/particle-container" "7.2.4"
    "@pixi/prepare" "7.2.4"
    "@pixi/sprite" "7.2.4"
    "@pixi/sprite-animated" "7.2.4"
    "@pixi/sprite-tiling" "7.2.4"
    "@pixi/spritesheet" "7.2.4"
    "@pixi/text" "7.2.4"
    "@pixi/text-bitmap" "7.2.4"
    "@pixi/text-html" "7.2.4"

punycode@1.3.2:
  version "1.3.2"
  resolved "https://registry.yarnpkg.com/punycode/-/punycode-1.3.2.tgz#9653a036fb7c1ee42342f2325cceefea3926c48d"
  integrity sha512-RofWgt/7fL5wP1Y7fxE7/EmTLzQVnB0ycyibJ0OOHIlJqTNzglYFxVwETOcIoJqJmpDXJ9xImDv+Fq34F/d4Dw==

querystring@0.2.0:
  version "0.2.0"
  resolved "https://registry.yarnpkg.com/querystring/-/querystring-0.2.0.tgz#b209849203bb25df820da756e747005878521620"
  integrity sha512-X/xY82scca2tau62i9mDyU9K+I+djTMUsvwf7xnUX5GLvVzgJybOJf4Y6o9Zx3oJK/LSXg5tTZBjwzqVPaPO2g==

require-directory@^2.1.1:
  version "2.1.1"
  resolved "https://registry.yarnpkg.com/require-directory/-/require-directory-2.1.1.tgz#8c64ad5fd30dab1c976e2344ffe7f792a6a6df42"
  integrity sha512-fGxEI7+wsG9xrvdjsrlmL22OMTTiHRwAMroiEeMgq8gzoLC/PQr7RsRDSTLUg/bZAZtF+TVIkHc6/4RIKrui+Q==

rxjs@^7.8.0:
  version "7.8.0"
  resolved "https://registry.yarnpkg.com/rxjs/-/rxjs-7.8.0.tgz#90a938862a82888ff4c7359811a595e14e1e09a4"
  integrity sha512-F2+gxDshqmIub1KdvZkaEfGDwLNpPvk9Fs6LD/MyQxNgMds/WH9OdDDXOmxUZpME+iSK3rQCctkL0DYyytUqMg==
  dependencies:
    tslib "^2.1.0"

shell-quote@^1.8.0:
  version "1.8.1"
  resolved "https://registry.yarnpkg.com/shell-quote/-/shell-quote-1.8.1.tgz#6dbf4db75515ad5bac63b4f1894c3a154c766680"
  integrity sha512-6j1W9l1iAs/4xYBI1SYOVZyFcCis9b4KCLQ8fgAGG07QvzaRLVVRQvAy85yNmmZSjYjg4MWh4gNvlPujU/5LpA==

spawn-command@0.0.2-1:
  version "0.0.2-1"
  resolved "https://registry.yarnpkg.com/spawn-command/-/spawn-command-0.0.2-1.tgz#62f5e9466981c1b796dc5929937e11c9c6921bd0"
  integrity sha512-n98l9E2RMSJ9ON1AKisHzz7V42VDiBQGY6PB1BwRglz99wpVsSuGzQ+jOi6lFXBGVTCrRpltvjm+/XA+tpeJrg==

string-width@^4.1.0, string-width@^4.2.0, string-width@^4.2.3:
  version "4.2.3"
  resolved "https://registry.yarnpkg.com/string-width/-/string-width-4.2.3.tgz#269c7117d27b05ad2e536830a8ec895ef9c6d010"
  integrity sha512-wKyQRQpjJ0sIp62ErSZdGsjMJWsap5oRNihHhu6G7JVO/9jIB6UyevL+tXuOqrng8j/cxKTWyWUwvSTriiZz/g==
  dependencies:
    emoji-regex "^8.0.0"
    is-fullwidth-code-point "^3.0.0"
    strip-ansi "^6.0.1"

strip-ansi@^6.0.0, strip-ansi@^6.0.1:
  version "6.0.1"
  resolved "https://registry.yarnpkg.com/strip-ansi/-/strip-ansi-6.0.1.tgz#9e26c63d30f53443e9489495b2105d37b67a85d9"
  integrity sha512-Y38VPSHcqkFrCpFnQ9vuSXmquuv5oXOKpGeT6aGrr3o3Gc9AlVa6JBfUSOCnbxGGZF+/0ooI7KrPuUSztUdU5A==
  dependencies:
    ansi-regex "^5.0.1"

strip-comments@^2.0.1:
  version "2.0.1"
  resolved "https://registry.yarnpkg.com/strip-comments/-/strip-comments-2.0.1.tgz#4ad11c3fbcac177a67a40ac224ca339ca1c1ba9b"
  integrity sha512-ZprKx+bBLXv067WTCALv8SSz5l2+XhpYCsVtSqlMnkAXMWDq+/ekVbl1ghqP9rUHTzv6sm/DwCOiYutU/yp1fw==

supports-color@^7.1.0:
  version "7.2.0"
  resolved "https://registry.yarnpkg.com/supports-color/-/supports-color-7.2.0.tgz#1b7dcdcb32b8138801b3e478ba6a51caa89648da"
  integrity sha512-qpCAvRl9stuOHveKsn7HncJRvv501qIacKzQlO/+Lwxc9+0q2wLyv4Dfvt80/DPn2pqOBsJdDiogXGR9+OvwRw==
  dependencies:
    has-flag "^4.0.0"

supports-color@^8.1.1:
  version "8.1.1"
  resolved "https://registry.yarnpkg.com/supports-color/-/supports-color-8.1.1.tgz#cd6fc17e28500cff56c1b86c0a7fd4a54a73005c"
  integrity sha512-MpUEN2OodtUzxvKQl72cUF7RQ5EiHsGvSsVG0ia9c5RbWGL2CI4C7EpPS8UTBIplnlzZiNuV56w+FuNxy3ty2Q==
  dependencies:
    has-flag "^4.0.0"

tree-kill@^1.2.2:
  version "1.2.2"
  resolved "https://registry.yarnpkg.com/tree-kill/-/tree-kill-1.2.2.tgz#4ca09a9092c88b73a7cdc5e8a01b507b0790a0cc"
  integrity sha512-L0Orpi8qGpRG//Nd+H90vFB+3iHnue1zSSGmNOOCh1GLJ7rUKVwV2HvijphGQS2UmhUZewS9VgvxYIdgr+fG1A==

tslib@^2.1.0:
  version "2.5.0"
  resolved "https://registry.yarnpkg.com/tslib/-/tslib-2.5.0.tgz#42bfed86f5787aeb41d031866c8f402429e0fddf"
  integrity sha512-336iVw3rtn2BUK7ORdIAHTyxHGRIHVReokCR3XjbckJMK7ms8FysBfhLR8IXnAgy7T0PTPNBWKiH514FOW/WSg==

typescript@^5.0.4:
  version "5.0.4"
  resolved "https://registry.yarnpkg.com/typescript/-/typescript-5.0.4.tgz#b217fd20119bd61a94d4011274e0ab369058da3b"
  integrity sha512-cW9T5W9xY37cc+jfEnaUvX91foxtHkza3Nw3wkoF4sSlKn0MONdkdEndig/qPBWXNkmplh3NzayQzCiHM4/hqw==

url@^0.11.0:
  version "0.11.0"
  resolved "https://registry.yarnpkg.com/url/-/url-0.11.0.tgz#3838e97cfc60521eb73c525a8e55bfdd9e2e28f1"
  integrity sha512-kbailJa29QrtXnxgq+DdCEGlbTeYM2eJUxsz6vjZavrCYPMIFHMKQmSKYAIuUK2i7hgPm28a8piX5NTUtM/LKQ==
  dependencies:
    punycode "1.3.2"
    querystring "0.2.0"

wrap-ansi@^7.0.0:
  version "7.0.0"
  resolved "https://registry.yarnpkg.com/wrap-ansi/-/wrap-ansi-7.0.0.tgz#67e145cff510a6a6984bdf1152911d69d2eb9e43"
  integrity sha512-YVGIj2kamLSTxw6NsZjoBxfSwsn0ycdesmc4p+Q21c5zPuZ1pl+NfxVdxPtdHvmNVOQ6XSYG4AUtyt/Fi7D16Q==
  dependencies:
    ansi-styles "^4.0.0"
    string-width "^4.1.0"
    strip-ansi "^6.0.0"

y18n@^5.0.5:
  version "5.0.8"
  resolved "https://registry.yarnpkg.com/y18n/-/y18n-5.0.8.tgz#7f4934d0f7ca8c56f95314939ddcd2dd91ce1d55"
  integrity sha512-0pfFzegeDWJHJIAmTLRP2DwHjdF5s7jo9tuztdQxAhINCdvS+3nGINqPd00AphqJR/0LhANUS6/+7SCb98YOfA==

yargs-parser@^21.1.1:
  version "21.1.1"
  resolved "https://registry.yarnpkg.com/yargs-parser/-/yargs-parser-21.1.1.tgz#9096bceebf990d21bb31fa9516e0ede294a77d35"
  integrity sha512-tVpsJW7DdjecAiFpbIB1e3qxIQsE6NoPc5/eTdrbbIC4h0LVsWhnoa3g+m2HclBIujHzsxZ4VJVA+GUuc2/LBw==

yargs@^17.7.1:
  version "17.7.1"
  resolved "https://registry.yarnpkg.com/yargs/-/yargs-17.7.1.tgz#34a77645201d1a8fc5213ace787c220eabbd0967"
  integrity sha512-cwiTb08Xuv5fqF4AovYacTFNxk62th7LKJ6BL9IGUpTJrWoU7/7WdQGTP2SjKf1dUNBGzDd28p/Yfs/GI6JrLw==
  dependencies:
    cliui "^8.0.1"
    escalade "^3.1.1"
    get-caller-file "^2.0.5"
    require-directory "^2.1.1"
    string-width "^4.2.3"
    y18n "^5.0.5"
    yargs-parser "^21.1.1"
